
Microsoft Visual Studio Solution File, Format Version 12.00
# Visual Studio Version 17
VisualStudioVersion = 17.3.32901.215
MinimumVisualStudioVersion = 10.0.40219.1
Project("{FAE04EC0-301F-11D3-BF4B-00C04F79EFBC}") = "arastirmaodev-836", "arastirmaodev-836\arastirmaodev-836.csproj", "{13C47BF3-240D-4B3F-AD3B-043C4FCFF3EA}"
EndProject
Global
	GlobalSection(SolutionConfigurationPlatforms) = preSolution
		Debug|Any CPU = Debug|Any CPU
		Release|Any CPU = Release|Any CPU
	EndGlobalSection
	GlobalSection(ProjectConfigurationPlatforms) = postSolution
		{13C47BF3-240D-4B3F-AD3B-043C4FCFF3EA}.Debug|Any CPU.ActiveCfg = Debug|Any CPU
		{13C47BF3-240D-4B3F-AD3B-043C4FCFF3EA}.Debug|Any CPU.Build.0 = Debug|Any CPU
		{13C47BF3-240D-4B3F-AD3B-043C4FCFF3EA}.Release|Any CPU.ActiveCfg = Release|Any CPU
		{13C47BF3-240D-4B3F-AD3B-043C4FCFF3EA}.Release|Any CPU.Build.0 = Release|Any CPU
	EndGlobalSection
	GlobalSection(SolutionProperties) = preSolution
		HideSolutionNode = FALSE
	EndGlobalSection
	GlobalSection(ExtensibilityGlobals) = postSolution
		SolutionGuid = {576ED6A6-FDE8-405D-AE3D-00B78AF15245}
	EndGlobalSection
EndGlobal
